
Microsoft Visual Studio Solution File, Format Version 12.00
# Visual Studio Version 16
VisualStudioVersion = 16.0.30413.136
MinimumVisualStudioVersion = 10.0.40219.1
Project("{FAE04EC0-301F-11D3-BF4B-00C04F79EFBC}") = "CalculatorWithDuplicateCode", "CalculatorWithDuplicateCode\CalculatorWithDuplicateCode.csproj", "{8959D04D-E23F-43AA-95A5-2C1623944C2D}"
EndProject
Global
	GlobalSection(SolutionConfigurationPlatforms) = preSolution
		Debug|Any CPU = Debug|Any CPU
		Release|Any CPU = Release|Any CPU
	EndGlobalSection
	GlobalSection(ProjectConfigurationPlatforms) = postSolution
		{8959D04D-E23F-43AA-95A5-2C1623944C2D}.Debug|Any CPU.ActiveCfg = Debug|Any CPU
		{8959D04D-E23F-43AA-95A5-2C1623944C2D}.Debug|Any CPU.Build.0 = Debug|Any CPU
		{8959D04D-E23F-43AA-95A5-2C1623944C2D}.Release|Any CPU.ActiveCfg = Release|Any CPU
		{8959D04D-E23F-43AA-95A5-2C1623944C2D}.Release|Any CPU.Build.0 = Release|Any CPU
	EndGlobalSection
	GlobalSection(SolutionProperties) = preSolution
		HideSolutionNode = FALSE
	EndGlobalSection
	GlobalSection(ExtensibilityGlobals) = postSolution
		SolutionGuid = {49B6FA08-16FB-41D7-871B-499FC692C28B}
	EndGlobalSection
EndGlobal
